
Microsoft Visual Studio Solution File, Format Version 12.00
Project("{FAE04EC0-301F-11D3-BF4B-00C04F79EFBC}") = "StudentReportChecker", "StudentReportChecker\StudentReportChecker.csproj", "{1A4E74F1-5F1D-4BD7-8FD8-9807C1365781}"
EndProject
Project("{FAE04EC0-301F-11D3-BF4B-00C04F79EFBC}") = "ApiGateway", "ApiGateway\ApiGateway.csproj", "{54201318-6163-43E7-A81C-2E3FD3024B14}"
EndProject
Project("{FAE04EC0-301F-11D3-BF4B-00C04F79EFBC}") = "FileStoringService", "FileStoringService\FileStoringService.csproj", "{2D0ED947-B213-4877-A4FB-9DCC2B760495}"
EndProject
Project("{FAE04EC0-301F-11D3-BF4B-00C04F79EFBC}") = "FileAnalysisService", "FileAnalysisService\FileAnalysisService.csproj", "{238C81A1-1AF8-47DA-96CC-4E5A62B741CA}"
EndProject
Global
	GlobalSection(SolutionConfigurationPlatforms) = preSolution
		Debug|Any CPU = Debug|Any CPU
		Release|Any CPU = Release|Any CPU
	EndGlobalSection
	GlobalSection(ProjectConfigurationPlatforms) = postSolution
		{1A4E74F1-5F1D-4BD7-8FD8-9807C1365781}.Debug|Any CPU.ActiveCfg = Debug|Any CPU
		{1A4E74F1-5F1D-4BD7-8FD8-9807C1365781}.Debug|Any CPU.Build.0 = Debug|Any CPU
		{1A4E74F1-5F1D-4BD7-8FD8-9807C1365781}.Release|Any CPU.ActiveCfg = Release|Any CPU
		{1A4E74F1-5F1D-4BD7-8FD8-9807C1365781}.Release|Any CPU.Build.0 = Release|Any CPU
		{54201318-6163-43E7-A81C-2E3FD3024B14}.Debug|Any CPU.ActiveCfg = Debug|Any CPU
		{54201318-6163-43E7-A81C-2E3FD3024B14}.Debug|Any CPU.Build.0 = Debug|Any CPU
		{54201318-6163-43E7-A81C-2E3FD3024B14}.Release|Any CPU.ActiveCfg = Release|Any CPU
		{54201318-6163-43E7-A81C-2E3FD3024B14}.Release|Any CPU.Build.0 = Release|Any CPU
		{2D0ED947-B213-4877-A4FB-9DCC2B760495}.Debug|Any CPU.ActiveCfg = Debug|Any CPU
		{2D0ED947-B213-4877-A4FB-9DCC2B760495}.Debug|Any CPU.Build.0 = Debug|Any CPU
		{2D0ED947-B213-4877-A4FB-9DCC2B760495}.Release|Any CPU.ActiveCfg = Release|Any CPU
		{2D0ED947-B213-4877-A4FB-9DCC2B760495}.Release|Any CPU.Build.0 = Release|Any CPU
		{238C81A1-1AF8-47DA-96CC-4E5A62B741CA}.Debug|Any CPU.ActiveCfg = Debug|Any CPU
		{238C81A1-1AF8-47DA-96CC-4E5A62B741CA}.Debug|Any CPU.Build.0 = Debug|Any CPU
		{238C81A1-1AF8-47DA-96CC-4E5A62B741CA}.Release|Any CPU.ActiveCfg = Release|Any CPU
		{238C81A1-1AF8-47DA-96CC-4E5A62B741CA}.Release|Any CPU.Build.0 = Release|Any CPU
	EndGlobalSection
EndGlobal
